
Microsoft Visual Studio Solution File, Format Version 11.00
# Visual Studio 2010
Project("{FAE04EC0-301F-11D3-BF4B-00C04F79EFBC}") = "DockingTest", "DockingTest\DockingTest.csproj", "{8A5B069F-BE1F-41D3-8D58-BCA292646959}"
EndProject
Project("{FAE04EC0-301F-11D3-BF4B-00C04F79EFBC}") = "Docking", "Docking\Docking.csproj", "{8DDC0184-EBA8-4264-993D-E47173F12814}"
EndProject
Project("{FAE04EC0-301F-11D3-BF4B-00C04F79EFBC}") = "DockingExamples", "DockingExamples\DockingExamples.csproj", "{D3728416-6C94-4A4B-A121-E0B822FE3F26}"
EndProject
Global
	GlobalSection(SolutionConfigurationPlatforms) = preSolution
		Debug|Any CPU = Debug|Any CPU
		Debug|x86 = Debug|x86
		Release|Any CPU = Release|Any CPU
		Release|x86 = Release|x86
	EndGlobalSection
	GlobalSection(ProjectConfigurationPlatforms) = postSolution
		{8A5B069F-BE1F-41D3-8D58-BCA292646959}.Debug|Any CPU.ActiveCfg = Debug|x86
		{8A5B069F-BE1F-41D3-8D58-BCA292646959}.Debug|x86.ActiveCfg = Debug|x86
		{8A5B069F-BE1F-41D3-8D58-BCA292646959}.Debug|x86.Build.0 = Debug|x86
		{8A5B069F-BE1F-41D3-8D58-BCA292646959}.Release|Any CPU.ActiveCfg = Release|x86
		{8A5B069F-BE1F-41D3-8D58-BCA292646959}.Release|x86.ActiveCfg = Release|x86
		{8A5B069F-BE1F-41D3-8D58-BCA292646959}.Release|x86.Build.0 = Release|x86
		{8DDC0184-EBA8-4264-993D-E47173F12814}.Debug|Any CPU.ActiveCfg = Debug|Any CPU
		{8DDC0184-EBA8-4264-993D-E47173F12814}.Debug|Any CPU.Build.0 = Debug|Any CPU
		{8DDC0184-EBA8-4264-993D-E47173F12814}.Debug|x86.ActiveCfg = Debug|x86
		{8DDC0184-EBA8-4264-993D-E47173F12814}.Debug|x86.Build.0 = Debug|x86
		{8DDC0184-EBA8-4264-993D-E47173F12814}.Release|Any CPU.ActiveCfg = Release|Any CPU
		{8DDC0184-EBA8-4264-993D-E47173F12814}.Release|Any CPU.Build.0 = Release|Any CPU
		{8DDC0184-EBA8-4264-993D-E47173F12814}.Release|x86.ActiveCfg = Release|x86
		{8DDC0184-EBA8-4264-993D-E47173F12814}.Release|x86.Build.0 = Release|x86
		{D3728416-6C94-4A4B-A121-E0B822FE3F26}.Debug|Any CPU.ActiveCfg = Debug|Any CPU
		{D3728416-6C94-4A4B-A121-E0B822FE3F26}.Debug|Any CPU.Build.0 = Debug|Any CPU
		{D3728416-6C94-4A4B-A121-E0B822FE3F26}.Debug|x86.ActiveCfg = Debug|x86
		{D3728416-6C94-4A4B-A121-E0B822FE3F26}.Debug|x86.Build.0 = Debug|x86
		{D3728416-6C94-4A4B-A121-E0B822FE3F26}.Release|Any CPU.ActiveCfg = Release|Any CPU
		{D3728416-6C94-4A4B-A121-E0B822FE3F26}.Release|Any CPU.Build.0 = Release|Any CPU
		{D3728416-6C94-4A4B-A121-E0B822FE3F26}.Release|x86.ActiveCfg = Release|x86
		{D3728416-6C94-4A4B-A121-E0B822FE3F26}.Release|x86.Build.0 = Release|x86
	EndGlobalSection
	GlobalSection(MonoDevelopProperties) = preSolution
		StartupItem = DockingTest\DockingTest.csproj
		Policies = $0
		$0.TextStylePolicy = $1
		$1.FileWidth = 120
		$1.inheritsSet = VisualStudio
		$1.inheritsScope = text/plain
		$1.scope = text/plain
		$0.TextStylePolicy = $2
		$2.inheritsSet = null
		$2.scope = text/x-csharp
		$0.CSharpFormattingPolicy = $3
		$3.IndentSwitchBody = True
		$3.AnonymousMethodBraceStyle = NextLine
		$3.PropertyBraceStyle = NextLine
		$3.PropertyGetBraceStyle = NextLine
		$3.PropertySetBraceStyle = NextLine
		$3.EventBraceStyle = NextLine
		$3.EventAddBraceStyle = NextLine
		$3.EventRemoveBraceStyle = NextLine
		$3.StatementBraceStyle = NextLine
		$3.ElseNewLinePlacement = NewLine
		$3.ElseIfNewLinePlacement = NewLine
		$3.CatchNewLinePlacement = NewLine
		$3.FinallyNewLinePlacement = NewLine
		$3.WhileNewLinePlacement = NewLine
		$3.BeforeMethodDeclarationParentheses = False
		$3.BeforeMethodCallParentheses = False
		$3.BeforeConstructorDeclarationParentheses = False
		$3.BeforeIndexerDeclarationBracket = False
		$3.BeforeDelegateDeclarationParentheses = False
		$3.AfterDelegateDeclarationParameterComma = True
		$3.NewParentheses = False
		$3.CatchParentheses = False
		$3.SwitchParentheses = False
		$3.SpacesBeforeBrackets = False
		$3.inheritsSet = Mono
		$3.inheritsScope = text/x-csharp
		$3.scope = text/x-csharp
	EndGlobalSection
	GlobalSection(SolutionProperties) = preSolution
		HideSolutionNode = FALSE
	EndGlobalSection
EndGlobal
